
Microsoft Visual Studio Solution File, Format Version 12.00
# Visual Studio Version 17
VisualStudioVersion = 17.14.36408.4 d17.14
MinimumVisualStudioVersion = 10.0.40219.1
Project("{FAE04EC0-301F-11D3-BF4B-00C04F79EFBC}") = "CheckedOutFiles.Console", "CheckedOutFiles.Console\CheckedOutFiles.Console.csproj", "{84531652-6685-40D6-B03B-B72FD98F5414}"
EndProject
Global
	GlobalSection(SolutionConfigurationPlatforms) = preSolution
		Debug|Any CPU = Debug|Any CPU
		Release|Any CPU = Release|Any CPU
	EndGlobalSection
	GlobalSection(ProjectConfigurationPlatforms) = postSolution
		{84531652-6685-40D6-B03B-B72FD98F5414}.Debug|Any CPU.ActiveCfg = Debug|Any CPU
		{84531652-6685-40D6-B03B-B72FD98F5414}.Debug|Any CPU.Build.0 = Debug|Any CPU
		{84531652-6685-40D6-B03B-B72FD98F5414}.Release|Any CPU.ActiveCfg = Release|Any CPU
		{84531652-6685-40D6-B03B-B72FD98F5414}.Release|Any CPU.Build.0 = Release|Any CPU
	EndGlobalSection
	GlobalSection(SolutionProperties) = preSolution
		HideSolutionNode = FALSE
	EndGlobalSection
	GlobalSection(ExtensibilityGlobals) = postSolution
		SolutionGuid = {4CDC674E-9645-436D-A99D-10D26D1B5F27}
	EndGlobalSection
EndGlobal
